
Microsoft Visual Studio Solution File, Format Version 12.00
# Visual Studio Version 16
VisualStudioVersion = 16.0.31911.196
MinimumVisualStudioVersion = 10.0.40219.1
Project("{9A19103F-16F7-4668-BE54-9A1E7A4F7556}") = "vista", "vista.csproj", "{30B12395-11BE-4F2B-BA91-E6BB01486969}"
EndProject
Project("{9A19103F-16F7-4668-BE54-9A1E7A4F7556}") = "modelo", "..\modelo\modelo.csproj", "{DCB89E5A-4717-4C9B-A6FA-58CBCF863E77}"
EndProject
Project("{9A19103F-16F7-4668-BE54-9A1E7A4F7556}") = "controlador", "..\controlador\controlador.csproj", "{EC34D1A2-A276-4B75-BF6C-B875A790777C}"
EndProject
Global
	GlobalSection(SolutionConfigurationPlatforms) = preSolution
		Debug|Any CPU = Debug|Any CPU
		Release|Any CPU = Release|Any CPU
	EndGlobalSection
	GlobalSection(ProjectConfigurationPlatforms) = postSolution
		{30B12395-11BE-4F2B-BA91-E6BB01486969}.Debug|Any CPU.ActiveCfg = Debug|Any CPU
		{30B12395-11BE-4F2B-BA91-E6BB01486969}.Debug|Any CPU.Build.0 = Debug|Any CPU
		{30B12395-11BE-4F2B-BA91-E6BB01486969}.Release|Any CPU.ActiveCfg = Release|Any CPU
		{30B12395-11BE-4F2B-BA91-E6BB01486969}.Release|Any CPU.Build.0 = Release|Any CPU
		{DCB89E5A-4717-4C9B-A6FA-58CBCF863E77}.Debug|Any CPU.ActiveCfg = Debug|Any CPU
		{DCB89E5A-4717-4C9B-A6FA-58CBCF863E77}.Debug|Any CPU.Build.0 = Debug|Any CPU
		{DCB89E5A-4717-4C9B-A6FA-58CBCF863E77}.Release|Any CPU.ActiveCfg = Release|Any CPU
		{DCB89E5A-4717-4C9B-A6FA-58CBCF863E77}.Release|Any CPU.Build.0 = Release|Any CPU
		{EC34D1A2-A276-4B75-BF6C-B875A790777C}.Debug|Any CPU.ActiveCfg = Debug|Any CPU
		{EC34D1A2-A276-4B75-BF6C-B875A790777C}.Debug|Any CPU.Build.0 = Debug|Any CPU
		{EC34D1A2-A276-4B75-BF6C-B875A790777C}.Release|Any CPU.ActiveCfg = Release|Any CPU
		{EC34D1A2-A276-4B75-BF6C-B875A790777C}.Release|Any CPU.Build.0 = Release|Any CPU
	EndGlobalSection
	GlobalSection(SolutionProperties) = preSolution
		HideSolutionNode = FALSE
	EndGlobalSection
	GlobalSection(ExtensibilityGlobals) = postSolution
		SolutionGuid = {2086B453-4241-4E6E-A65A-DCF2FE162359}
	EndGlobalSection
EndGlobal
